
Microsoft Visual Studio Solution File, Format Version 12.00
# Visual Studio Version 16
VisualStudioVersion = 16.0.28803.352
MinimumVisualStudioVersion = 10.0.40219.1
Project("{FAE04EC0-301F-11D3-BF4B-00C04F79EFBC}") = "wpf5", "wpf5\wpf5.csproj", "{E8F08376-28B9-4692-BC87-442F7115C7FC}"
EndProject
Global
	GlobalSection(SolutionConfigurationPlatforms) = preSolution
		Debug|Any CPU = Debug|Any CPU
		Release|Any CPU = Release|Any CPU
	EndGlobalSection
	GlobalSection(ProjectConfigurationPlatforms) = postSolution
		{E8F08376-28B9-4692-BC87-442F7115C7FC}.Debug|Any CPU.ActiveCfg = Debug|Any CPU
		{E8F08376-28B9-4692-BC87-442F7115C7FC}.Debug|Any CPU.Build.0 = Debug|Any CPU
		{E8F08376-28B9-4692-BC87-442F7115C7FC}.Release|Any CPU.ActiveCfg = Release|Any CPU
		{E8F08376-28B9-4692-BC87-442F7115C7FC}.Release|Any CPU.Build.0 = Release|Any CPU
	EndGlobalSection
	GlobalSection(SolutionProperties) = preSolution
		HideSolutionNode = FALSE
	EndGlobalSection
	GlobalSection(ExtensibilityGlobals) = postSolution
		SolutionGuid = {58971960-439D-42A7-AC90-85C4B112ADB1}
	EndGlobalSection
EndGlobal
